{
  "name": "@advanced-rest-client/auth-methods",
  "version": "5.0.12",
  "lockfileVersion": 1,
  "requires": true,
  "dependencies": {
    "@advanced-rest-client/arc-fit-mixin": {
      "version": "1.2.1",
      "resolved": "https://registry.npmjs.org/@advanced-rest-client/arc-fit-mixin/-/arc-fit-mixin-1.2.1.tgz",
      "integrity": "sha512-r7QWIOKRRY4+Cn7/cILJKMf63V5nlb/Ej6B58DftLXOMJ5hqKPKdJWuXB+DRHAwAEfF+FhCmY5HfibSmCskj+Q==",
      "requires": {
        "@open-wc/dedupe-mixin": "^1.3.0"
      }
    },
    "@advanced-rest-client/arc-icons": {
      "version": "3.3.1",
      "resolved": "https://registry.npmjs.org/@advanced-rest-client/arc-icons/-/arc-icons-3.3.1.tgz",
      "integrity": "sha512-EJC+DNnKyUEuPIzZeKsEDGd40XdMc9dN/wPb8MupQAuoy21Q7oZj8adUnJ4egpmkA0xI8mk5UAyQnO3N4ethKw==",
      "requires": {
        "@polymer/iron-icon": "^3.0.1",
        "@polymer/iron-iconset-svg": "^3.0.1",
        "lit-element": "^2.4.0",
        "lit-html": "^1.3.0"
      }
    },
    "@advanced-rest-client/arc-marked": {
      "version": "1.1.0",
      "resolved": "https://registry.npmjs.org/@advanced-rest-client/arc-marked/-/arc-marked-1.1.0.tgz",
      "integrity": "sha512-MxDtVlOBLz/ovzRrG69+OWMQWDvE6M1/+NxS3FvsAYAxRCtbyJpzqJOvo3BOtX46U9icWgBGWP8Pzx7ixzCFww==",
      "requires": {
        "dompurify": "^2.1.1",
        "lit-element": "^2.4.0",
        "lit-html": "^1.3.0",
        "marked": "^0.7.0"
      }
    },
    "@advanced-rest-client/arc-overlay-mixin": {
      "version": "1.1.7",
      "resolved": "https://registry.npmjs.org/@advanced-rest-client/arc-overlay-mixin/-/arc-overlay-mixin-1.1.7.tgz",
      "integrity": "sha512-Q3JHK2F0S5lFv3Xrp9DYuswzXC0O421i3PkGELfaznvRnuOD/0r8irlgShWXWltQbl9A79uKG11mnfU37aRXUA==",
      "requires": {
        "@advanced-rest-client/arc-fit-mixin": "^1.2.1",
        "@advanced-rest-client/arc-resizable-mixin": "^1.1.2",
        "@open-wc/dedupe-mixin": "^1.3.0",
        "lit-element": "^2.4.0",
        "lit-html": "^1.3.0"
      }
    },
    "@advanced-rest-client/arc-resizable-mixin": {
      "version": "1.2.0",
      "resolved": "https://registry.npmjs.org/@advanced-rest-client/arc-resizable-mixin/-/arc-resizable-mixin-1.2.0.tgz",
      "integrity": "sha512-hc8XjY6CfQDANuf0TfsfE6EWJwlXBZTtmv2h4luLZgHz55XPlWO7w2XI/YAZX6xQpcsR3cGv0eDnj9CkOaCcCQ==",
      "requires": {
        "@open-wc/dedupe-mixin": "^1.3.0"
      }
    },
    "@advanced-rest-client/client-certificates-consumer-mixin": {
      "version": "1.0.2",
      "resolved": "https://registry.npmjs.org/@advanced-rest-client/client-certificates-consumer-mixin/-/client-certificates-consumer-mixin-1.0.2.tgz",
      "integrity": "sha512-Kp08RsejjAqY88N2RFtaU0qsjyZd9fT16sAleLs2HLFT7AycDWnMZdwDyLlVu3j4ru1tnq+G+Cc3aMuo/8j5MQ==",
      "requires": {
        "lit-element": "^2.2.1"
      }
    },
    "@advanced-rest-client/clipboard-copy": {
      "version": "3.0.1",
      "resolved": "https://registry.npmjs.org/@advanced-rest-client/clipboard-copy/-/clipboard-copy-3.0.1.tgz",
      "integrity": "sha512-nuadCt6g/bhhbiUcC64yyPsZIgyWwSJvB6dD2Xpoe1G78FhqYU3bCLPco4iN5voFlo9TgDryxOaagPwcz/AUqA=="
    },
    "@advanced-rest-client/date-time": {
      "version": "3.0.2",
      "resolved": "https://registry.npmjs.org/@advanced-rest-client/date-time/-/date-time-3.0.2.tgz",
      "integrity": "sha512-e5hJSVex/EHMo0YWZprOZUQs4KO/Bkt0KAUzjGrOZbpoafuK1Zs1Szu52KtEh7iui9jaTloWqhasrpnkqsgMDQ=="
    },
    "@advanced-rest-client/events-target-mixin": {
      "version": "3.2.3",
      "resolved": "https://registry.npmjs.org/@advanced-rest-client/events-target-mixin/-/events-target-mixin-3.2.3.tgz",
      "integrity": "sha512-rXdou8ZqOhtb8BEp5YFJXi1i3xugIuH3k154mdcuObkd5LR/HEHdACKKaYyGe7ATmaBy5mzvr7l4WZFpiTigNg==",
      "requires": {
        "@open-wc/dedupe-mixin": "^1.2.18"
      }
    },
    "@advanced-rest-client/markdown-styles": {
      "version": "3.1.3",
      "resolved": "https://registry.npmjs.org/@advanced-rest-client/markdown-styles/-/markdown-styles-3.1.3.tgz",
      "integrity": "sha512-Vru2fA8P1SEtqEEw8HJ2B6bqFZIZhgHB1em93N5EkJlFWU6J97Zt5njoz3iWVbqdZyLerRFbR2t436SzbV4gfg==",
      "requires": {
        "lit-element": "^2.4.0"
      }
    },
    "@advanced-rest-client/oauth2-scope-selector": {
      "version": "3.1.0",
      "resolved": "https://registry.npmjs.org/@advanced-rest-client/oauth2-scope-selector/-/oauth2-scope-selector-3.1.0.tgz",
      "integrity": "sha512-ulCNmYzs+nqaK0T/2Fe2AHlJgvkBrArMUi9NJsLKzowFbjE2ZEGYTTemcWQZW3Y8SMXETtkJRt1TTvVe2v4Q8g==",
      "requires": {
        "@advanced-rest-client/arc-icons": "^3.1.0",
        "@anypoint-web-components/anypoint-autocomplete": "^0.2.1",
        "@anypoint-web-components/anypoint-button": "^1.1.1",
        "@anypoint-web-components/anypoint-control-mixins": "^1.1.1",
        "@anypoint-web-components/anypoint-input": "^0.2.17",
        "@anypoint-web-components/validatable-mixin": "^1.1.1",
        "@polymer/paper-toast": "^3.0.0",
        "lit-element": "^2.3.1",
        "lit-html": "^1.2.1"
      }
    },
    "@anypoint-web-components/anypoint-autocomplete": {
      "version": "0.2.8",
      "resolved": "https://registry.npmjs.org/@anypoint-web-components/anypoint-autocomplete/-/anypoint-autocomplete-0.2.8.tgz",
      "integrity": "sha512-VprriG126tHjkzfopJ/fWykGa5VW1n/bawqnkv46IFZj2+yVDEj+0U/7wQMlKzvkKopj7rVQYlD9rn7lbNc1PQ==",
      "requires": {
        "@anypoint-web-components/anypoint-dropdown": "^1.1.4",
        "@anypoint-web-components/anypoint-item": "^1.0.8",
        "@anypoint-web-components/anypoint-listbox": "^1.1.6",
        "@polymer/paper-progress": "^3.0.0",
        "@polymer/paper-ripple": "^3.0.2",
        "lit-element": "^2.4.0"
      }
    },
    "@anypoint-web-components/anypoint-button": {
      "version": "1.2.0",
      "resolved": "https://registry.npmjs.org/@anypoint-web-components/anypoint-button/-/anypoint-button-1.2.0.tgz",
      "integrity": "sha512-z3og4oxSlwo37ISbg4S32/NeOqtJcsEfAk4CQ1c4tJM/TsI+lTFLZHwNELeunRg8yoGGnjhrnrxTbin+YKfYBQ==",
      "requires": {
        "@anypoint-web-components/anypoint-control-mixins": "^1.1.3",
        "@polymer/paper-ripple": "^3.0.2",
        "lit-element": "^2.4.0"
      }
    },
    "@anypoint-web-components/anypoint-checkbox": {
      "version": "1.1.4",
      "resolved": "https://registry.npmjs.org/@anypoint-web-components/anypoint-checkbox/-/anypoint-checkbox-1.1.4.tgz",
      "integrity": "sha512-ZYtA74X2L1vsvAF48U+6ItCfTnymtDZYEPNc3w4zdYqcQD/G05boKtS1HGD6pGuY2K+1eIhXAHDvYyyEheTuvg==",
      "requires": {
        "@anypoint-web-components/anypoint-control-mixins": "^1.1.3",
        "@anypoint-web-components/anypoint-form-mixins": "^1.2.2",
        "lit-element": "^2.4.0"
      }
    },
    "@anypoint-web-components/anypoint-control-mixins": {
      "version": "1.1.3",
      "resolved": "https://registry.npmjs.org/@anypoint-web-components/anypoint-control-mixins/-/anypoint-control-mixins-1.1.3.tgz",
      "integrity": "sha512-LRhwEav2ZpDBRKiGo3Upu4B0ur/j8+2JxeqHGwxcXc8ORuiJLVxcorURuKhLyvEjk5fP5pI0S0KGIUj66N1KQg==",
      "requires": {
        "@open-wc/dedupe-mixin": "^1.3.0"
      }
    },
    "@anypoint-web-components/anypoint-dropdown": {
      "version": "1.1.4",
      "resolved": "https://registry.npmjs.org/@anypoint-web-components/anypoint-dropdown/-/anypoint-dropdown-1.1.4.tgz",
      "integrity": "sha512-t84wYqpeljd2+41Ci/ME82o1R2qL1gn3mLTmHx3J+oS8ou0FOGhSHKKuxchF0Y87ydE1fGmWdE6Im4FIwLUCKQ==",
      "requires": {
        "@advanced-rest-client/arc-overlay-mixin": "^1.1.7",
        "@anypoint-web-components/anypoint-control-mixins": "^1.1.3",
        "lit-element": "^2.4.0",
        "lit-html": "^1.3.0"
      }
    },
    "@anypoint-web-components/anypoint-dropdown-menu": {
      "version": "0.1.20",
      "resolved": "https://registry.npmjs.org/@anypoint-web-components/anypoint-dropdown-menu/-/anypoint-dropdown-menu-0.1.20.tgz",
      "integrity": "sha512-iqV6KkorsP7vUtNX/zKv3Pxy/oktXbijdjCDjHwzxJ/jzuokJc+Y4VhnLdQ3B0dNUn+D2Mg3lhppy1FwLl6oZg==",
      "requires": {
        "@anypoint-web-components/anypoint-button": "^1.1.1",
        "@anypoint-web-components/anypoint-control-mixins": "^1.1.3",
        "@anypoint-web-components/anypoint-dropdown": "^1.1.4",
        "@anypoint-web-components/validatable-mixin": "^1.1.3",
        "lit-element": "^2.4.0",
        "lit-html": "^1.3.0"
      }
    },
    "@anypoint-web-components/anypoint-form-mixins": {
      "version": "1.2.2",
      "resolved": "https://registry.npmjs.org/@anypoint-web-components/anypoint-form-mixins/-/anypoint-form-mixins-1.2.2.tgz",
      "integrity": "sha512-Z9aC5WZOr58GnabwPhVq8OpZ6Yk6RU/HGX/uC9mP2h5cohTqCCwZBgyDmRE5YzjBidaWR+9mCUPKJsxl9Z9AEA==",
      "requires": {
        "@anypoint-web-components/validatable-mixin": "^1.1.3",
        "@open-wc/dedupe-mixin": "^1.3.0"
      }
    },
    "@anypoint-web-components/anypoint-input": {
      "version": "0.2.24",
      "resolved": "https://registry.npmjs.org/@anypoint-web-components/anypoint-input/-/anypoint-input-0.2.24.tgz",
      "integrity": "sha512-IFxwuolKXBtGDmWGqfmdlJwzGlAJr7fE56tNqMrdqCNHEEJvxcWBxIXiWDfnN7SctuqQDkX1Oz+o9wIe3k2tlw==",
      "requires": {
        "@advanced-rest-client/arc-icons": "^3.1.2",
        "@anypoint-web-components/anypoint-button": "^1.1.1",
        "@anypoint-web-components/anypoint-control-mixins": "^1.1.3",
        "@anypoint-web-components/validatable-mixin": "^1.1.3",
        "@open-wc/dedupe-mixin": "^1.3.0",
        "lit-element": "^2.4.0",
        "lit-html": "^1.3.0"
      }
    },
    "@anypoint-web-components/anypoint-item": {
      "version": "1.1.0",
      "resolved": "https://registry.npmjs.org/@anypoint-web-components/anypoint-item/-/anypoint-item-1.1.0.tgz",
      "integrity": "sha512-a4Lz1p5vpdgxeQ4sTAr23kiV9cvKAQ6aVGXRbrEOVYpXKkBJVlkWPvIJ44i14e6APW9F4kY0nczQayAn83QDfg==",
      "requires": {
        "@anypoint-web-components/anypoint-control-mixins": "^1.1.3",
        "@anypoint-web-components/anypoint-styles": "^1.0.1",
        "lit-element": "^2.4.0",
        "lit-html": "^1.3.0"
      }
    },
    "@anypoint-web-components/anypoint-listbox": {
      "version": "1.1.6",
      "resolved": "https://registry.npmjs.org/@anypoint-web-components/anypoint-listbox/-/anypoint-listbox-1.1.6.tgz",
      "integrity": "sha512-YkQuORirn6k+erAeB1H1OZgFqc7gOPcGaJoH+TuXW8Sb5gdburU8UtdTnO9CvZ/a+pCcIE35EgrdcInBglXGiQ==",
      "requires": {
        "@anypoint-web-components/anypoint-menu-mixin": "^1.1.7",
        "lit-element": "^2.4.0",
        "lit-html": "^1.3.0"
      }
    },
    "@anypoint-web-components/anypoint-menu-mixin": {
      "version": "1.1.8",
      "resolved": "https://registry.npmjs.org/@anypoint-web-components/anypoint-menu-mixin/-/anypoint-menu-mixin-1.1.8.tgz",
      "integrity": "sha512-Aq4hEcDeVQc/aCStExqaSOz2soVrwmlwpbW0VdILCIUjCVCIK5WbLvCeYY7H6SVYZpNhCwgfYAELYCTII+e6oQ==",
      "requires": {
        "@anypoint-web-components/anypoint-selector": "^1.1.6",
        "@open-wc/dedupe-mixin": "^1.3.0",
        "lit-element": "^2.4.0",
        "lit-html": "^1.3.0"
      }
    },
    "@anypoint-web-components/anypoint-radio-button": {
      "version": "0.1.7",
      "resolved": "https://registry.npmjs.org/@anypoint-web-components/anypoint-radio-button/-/anypoint-radio-button-0.1.7.tgz",
      "integrity": "sha512-lwQYTbq+bv8V3K3KYCTyMhyrT2NKw6RgXqITzzHuWtXq4MVM/Z6IuY4LWr9mUgpcgjXXpQ5DZXs1HJK1EOqUCg==",
      "requires": {
        "@anypoint-web-components/anypoint-form-mixins": "^1.2.2",
        "@anypoint-web-components/anypoint-menu-mixin": "^1.1.8",
        "@anypoint-web-components/anypoint-styles": "^1.0.1",
        "lit-element": "^2.4.0"
      }
    },
    "@anypoint-web-components/anypoint-selector": {
      "version": "1.1.7",
      "resolved": "https://registry.npmjs.org/@anypoint-web-components/anypoint-selector/-/anypoint-selector-1.1.7.tgz",
      "integrity": "sha512-icQ7BCTWw6emq+8zW/tiaKwa7Nux7iJQ9rQIAeWFP43Z6no19yhUFGMbBnr6L3Kdzpo7O+goQPQQiXskd3tJUA==",
      "requires": {
        "@open-wc/dedupe-mixin": "^1.3.0",
        "lit-element": "^2.4.0",
        "lit-html": "^1.3.0"
      }
    },
    "@anypoint-web-components/anypoint-styles": {
      "version": "1.0.1",
      "resolved": "https://registry.npmjs.org/@anypoint-web-components/anypoint-styles/-/anypoint-styles-1.0.1.tgz",
      "integrity": "sha512-sTsbaVSWuFEaOjFL+9t++E95rV+aQqtnbqqIEhhLei7P/z0v/ySfRxATnyjq6YgfHN0D2axZ3uk7l6nEN6YKHQ==",
      "requires": {
        "lit-element": "^2.2.1",
        "lit-html": "^1.1.2"
      }
    },
    "@anypoint-web-components/validatable-mixin": {
      "version": "1.1.3",
      "resolved": "https://registry.npmjs.org/@anypoint-web-components/validatable-mixin/-/validatable-mixin-1.1.3.tgz",
      "integrity": "sha512-cObFmNCIWxbGoYEO7cMUEEB4LQ4n3HEgk1gS7LB/TZSvXzzth00f3lbxkvQsubBIFVEOKFUq5Lo8vuG81t0/2w==",
      "requires": {
        "@anypoint-web-components/validator-mixin": "^1.1.1",
        "@open-wc/dedupe-mixin": "^1.3.0"
      }
    },
    "@anypoint-web-components/validator-mixin": {
      "version": "1.1.2",
      "resolved": "https://registry.npmjs.org/@anypoint-web-components/validator-mixin/-/validator-mixin-1.1.2.tgz",
      "integrity": "sha512-J5dqcdwW47W+7B10stowMsaQclV2VEe2vZ3SD6lVnQS63MWEZeCa2jTdaJ3RuE5+vSBoKoUfBiHqOdcpnGLL2w==",
      "requires": {
        "@open-wc/dedupe-mixin": "^1.3.0"
      }
    },
    "@api-components/amf-helper-mixin": {
      "version": "4.3.4",
      "resolved": "https://registry.npmjs.org/@api-components/amf-helper-mixin/-/amf-helper-mixin-4.3.4.tgz",
      "integrity": "sha512-YJg3gmckxI07Rw8B/5DCZMHoEC/Exl+FF1wDThfcN35UfE7yBrcAEQ4zbGcMHdloZQDPpg7B/KAV5g9pzdD/KQ=="
    },
    "@api-components/api-example-generator": {
      "version": "4.4.6",
      "resolved": "https://registry.npmjs.org/@api-components/api-example-generator/-/api-example-generator-4.4.6.tgz",
      "integrity": "sha512-5C2oVvtrw1AO487nbReOjxJLCDV8r72ggJloqHwY9/U232iq0zumKKQ5zZUIlilRyNQvGj//n8ck4oItcmpVEQ==",
      "requires": {
        "@api-components/amf-helper-mixin": "^4.1.8",
        "lit-element": "^2.4.0"
      }
    },
    "@api-components/api-form-mixin": {
      "version": "3.1.3",
      "resolved": "https://registry.npmjs.org/@api-components/api-form-mixin/-/api-form-mixin-3.1.3.tgz",
      "integrity": "sha512-U+8F/vau3KhG6LEJFW10JdaO482YKvkJamtD2KHYgtdHNmmzQUy2C3vZuesdorUpl5ZbaBM0Em03atTFzNYGlg==",
      "requires": {
        "@api-components/api-view-model-transformer": "^4.1.1",
        "lit-element": "^2.3.1"
      }
    },
    "@api-components/api-property-form-item": {
      "version": "3.0.15",
      "resolved": "https://registry.npmjs.org/@api-components/api-property-form-item/-/api-property-form-item-3.0.15.tgz",
      "integrity": "sha512-znKSsPUXYGmu3Q2mV+f0VckjU+X3CVisRorHjpKKLu4H/w+WO9GSTUBs4Lllb9nAnNk6ovLcCxckRTxWQzGJRw==",
      "requires": {
        "@advanced-rest-client/arc-icons": "^3.1.2",
        "@anypoint-web-components/anypoint-button": "^1.1.1",
        "@anypoint-web-components/anypoint-checkbox": "^1.1.3",
        "@anypoint-web-components/anypoint-dropdown-menu": "^0.1.17",
        "@anypoint-web-components/anypoint-input": "^0.2.22",
        "@anypoint-web-components/anypoint-item": "^1.0.8",
        "@anypoint-web-components/anypoint-listbox": "^1.1.5",
        "@anypoint-web-components/validatable-mixin": "^1.1.3",
        "lit-element": "^2.4.0",
        "lit-html": "^1.3.0"
      }
    },
    "@api-components/api-view-model-transformer": {
      "version": "4.2.2",
      "resolved": "https://registry.npmjs.org/@api-components/api-view-model-transformer/-/api-view-model-transformer-4.2.2.tgz",
      "integrity": "sha512-R+qrjx4daChcuILXMdj3v81iv37WdH2UzeyPhc31pmMY4G3NbOkHE5qmv+2DVB11uPTabjQhFHu2qEuQ+yVHBA==",
      "requires": {
        "@advanced-rest-client/events-target-mixin": "^3.2.3",
        "@api-components/amf-helper-mixin": "^4.2.0",
        "@api-components/api-example-generator": "^4.4.5",
        "lit-element": "^2.4.0"
      }
    },
    "@open-wc/dedupe-mixin": {
      "version": "1.3.0",
      "resolved": "https://registry.npmjs.org/@open-wc/dedupe-mixin/-/dedupe-mixin-1.3.0.tgz",
      "integrity": "sha512-UfdK1MPnR6T7f3svzzYBfu3qBkkZ/KsPhcpc3JYhsUY4hbpwNF9wEQtD4Z+/mRqMTJrKg++YSxIxE0FBhY3RIw=="
    },
    "@polymer/font-roboto": {
      "version": "3.0.2",
      "resolved": "https://registry.npmjs.org/@polymer/font-roboto/-/font-roboto-3.0.2.tgz",
      "integrity": "sha512-tx5TauYSmzsIvmSqepUPDYbs4/Ejz2XbZ1IkD7JEGqkdNUJlh+9KU85G56Tfdk/xjEZ8zorFfN09OSwiMrIQWA=="
    },
    "@polymer/iron-a11y-announcer": {
      "version": "3.0.2",
      "resolved": "https://registry.npmjs.org/@polymer/iron-a11y-announcer/-/iron-a11y-announcer-3.0.2.tgz",
      "integrity": "sha512-LqnMF39mXyxSSRbTHRzGbcJS8nU0NVTo2raBOgOlpxw5yfGJUVcwaTJ/qy5NtWCZLRfa4suycf0oAkuUjHTXHQ==",
      "requires": {
        "@polymer/polymer": "^3.0.0"
      }
    },
    "@polymer/iron-a11y-keys-behavior": {
      "version": "3.0.1",
      "resolved": "https://registry.npmjs.org/@polymer/iron-a11y-keys-behavior/-/iron-a11y-keys-behavior-3.0.1.tgz",
      "integrity": "sha512-lnrjKq3ysbBPT/74l0Fj0U9H9C35Tpw2C/tpJ8a+5g8Y3YJs1WSZYnEl1yOkw6sEyaxOq/1DkzH0+60gGu5/PQ==",
      "requires": {
        "@polymer/polymer": "^3.0.0"
      }
    },
    "@polymer/iron-ajax": {
      "version": "3.0.1",
      "resolved": "https://registry.npmjs.org/@polymer/iron-ajax/-/iron-ajax-3.0.1.tgz",
      "integrity": "sha512-7+TPEAfWsRdhj1Y8UeF1759ktpVu+c3sG16rJiUC3wF9+woQ9xI1zUm2d59i7Yc3aDEJrR/Q8Y262KlOvyGVNg==",
      "requires": {
        "@polymer/polymer": "^3.0.0"
      }
    },
    "@polymer/iron-fit-behavior": {
      "version": "3.0.1",
      "resolved": "https://registry.npmjs.org/@polymer/iron-fit-behavior/-/iron-fit-behavior-3.0.1.tgz",
      "integrity": "sha512-/M0B1L30k31vmwNBaGuZcxzUAhJSHoGccb/DF0CDKI/hT8UlkTvcyemaWdOpmHHLgY52ceKIkRwA3AeXrKyvaQ==",
      "requires": {
        "@polymer/polymer": "^3.0.0"
      }
    },
    "@polymer/iron-flex-layout": {
      "version": "3.0.1",
      "resolved": "https://registry.npmjs.org/@polymer/iron-flex-layout/-/iron-flex-layout-3.0.1.tgz",
      "integrity": "sha512-7gB869czArF+HZcPTVSgvA7tXYFze9EKckvM95NB7SqYF+NnsQyhoXgKnpFwGyo95lUjUW9TFDLUwDXnCYFtkw==",
      "requires": {
        "@polymer/polymer": "^3.0.0"
      }
    },
    "@polymer/iron-form": {
      "version": "3.0.1",
      "resolved": "https://registry.npmjs.org/@polymer/iron-form/-/iron-form-3.0.1.tgz",
      "integrity": "sha512-JwSQXHjYALsytCeBkXlY8aRwqgZuYIqzOk3iHuugb1RXOdZ7MZHyJhMDVBbscHjxqPKu/KaVzAjrcfwNNafzEA==",
      "requires": {
        "@polymer/iron-ajax": "^3.0.0-pre.26",
        "@polymer/polymer": "^3.0.0"
      }
    },
    "@polymer/iron-icon": {
      "version": "3.0.1",
      "resolved": "https://registry.npmjs.org/@polymer/iron-icon/-/iron-icon-3.0.1.tgz",
      "integrity": "sha512-QLPwirk+UPZNaLnMew9VludXA4CWUCenRewgEcGYwdzVgDPCDbXxy6vRJjmweZobMQv/oVLppT2JZtJFnPxX6g==",
      "requires": {
        "@polymer/iron-flex-layout": "^3.0.0-pre.26",
        "@polymer/iron-meta": "^3.0.0-pre.26",
        "@polymer/polymer": "^3.0.0"
      }
    },
    "@polymer/iron-iconset-svg": {
      "version": "3.0.1",
      "resolved": "https://registry.npmjs.org/@polymer/iron-iconset-svg/-/iron-iconset-svg-3.0.1.tgz",
      "integrity": "sha512-XNwURbNHRw6u2fJe05O5fMYye6GSgDlDqCO+q6K1zAnKIrpgZwf2vTkBd5uCcZwsN0FyCB3mvNZx4jkh85dRDw==",
      "requires": {
        "@polymer/iron-meta": "^3.0.0-pre.26",
        "@polymer/polymer": "^3.0.0"
      }
    },
    "@polymer/iron-meta": {
      "version": "3.0.1",
      "resolved": "https://registry.npmjs.org/@polymer/iron-meta/-/iron-meta-3.0.1.tgz",
      "integrity": "sha512-pWguPugiLYmWFV9UWxLWzZ6gm4wBwQdDy4VULKwdHCqR7OP7u98h+XDdGZsSlDPv6qoryV/e3tGHlTIT0mbzJA==",
      "requires": {
        "@polymer/polymer": "^3.0.0"
      }
    },
    "@polymer/iron-overlay-behavior": {
      "version": "3.0.2",
      "resolved": "https://registry.npmjs.org/@polymer/iron-overlay-behavior/-/iron-overlay-behavior-3.0.2.tgz",
      "integrity": "sha512-j1qmt6mJHCwpe1mKOvqK5kcCUPQr5LSrlqpgRDbUuLgUfNJ/vGTipjrkBlfbEUagm5FEQdc1VLPLSQP6WVuP9g==",
      "requires": {
        "@polymer/iron-a11y-keys-behavior": "^3.0.0-pre.26",
        "@polymer/iron-fit-behavior": "^3.0.0-pre.26",
        "@polymer/iron-resizable-behavior": "^3.0.0-pre.26",
        "@polymer/polymer": "^3.0.0"
      }
    },
    "@polymer/iron-range-behavior": {
      "version": "3.0.1",
      "resolved": "https://registry.npmjs.org/@polymer/iron-range-behavior/-/iron-range-behavior-3.0.1.tgz",
      "integrity": "sha512-+jtL9v45M/T1RJleWyQaNH84S9/mIIR+AjNbYIttbKGp1eG+98j8MDWe7LXNtg79V2LQnE/+VS82cBeELyGVeg==",
      "requires": {
        "@polymer/polymer": "^3.0.0"
      }
    },
    "@polymer/iron-resizable-behavior": {
      "version": "3.0.1",
      "resolved": "https://registry.npmjs.org/@polymer/iron-resizable-behavior/-/iron-resizable-behavior-3.0.1.tgz",
      "integrity": "sha512-FyHxRxFspVoRaeZSWpT3y0C9awomb4tXXolIJcZ7RvXhMP632V5lez+ch5G5SwK0LpnAPkg35eB0LPMFv+YMMQ==",
      "requires": {
        "@polymer/polymer": "^3.0.0"
      }
    },
    "@polymer/paper-progress": {
      "version": "3.0.1",
      "resolved": "https://registry.npmjs.org/@polymer/paper-progress/-/paper-progress-3.0.1.tgz",
      "integrity": "sha512-5nguG+tmnyoaWKVNG8Smtno2uLSPBgEsT3f20JY8yJTjUBYWaqa8E3l5RLkTRXgA4x9OnvLb8/CdlQWXQIogBg==",
      "requires": {
        "@polymer/iron-flex-layout": "^3.0.0-pre.26",
        "@polymer/iron-range-behavior": "^3.0.0-pre.26",
        "@polymer/paper-styles": "^3.0.0-pre.26",
        "@polymer/polymer": "^3.0.0"
      }
    },
    "@polymer/paper-ripple": {
      "version": "3.0.2",
      "resolved": "https://registry.npmjs.org/@polymer/paper-ripple/-/paper-ripple-3.0.2.tgz",
      "integrity": "sha512-DnLNvYIMsiayeICroYxx6Q6Hg1cUU8HN2sbutXazlemAlGqdq80qz3TIaVdbpbt/pvjcFGX2HtntMlPstCge8Q==",
      "requires": {
        "@polymer/iron-a11y-keys-behavior": "^3.0.0-pre.26",
        "@polymer/polymer": "^3.0.0"
      }
    },
    "@polymer/paper-spinner": {
      "version": "3.0.2",
      "resolved": "https://registry.npmjs.org/@polymer/paper-spinner/-/paper-spinner-3.0.2.tgz",
      "integrity": "sha512-XUzu8/4NH+pnNZUTI2MxtOKFAr0EOsW7eGhTg3VBhTh7DDW/q3ewzwYRWnqNJokX9BEnxKMiXXaIeTEBq4k2dw==",
      "requires": {
        "@polymer/paper-styles": "^3.0.0-pre.26",
        "@polymer/polymer": "^3.0.0"
      }
    },
    "@polymer/paper-styles": {
      "version": "3.0.1",
      "resolved": "https://registry.npmjs.org/@polymer/paper-styles/-/paper-styles-3.0.1.tgz",
      "integrity": "sha512-y6hmObLqlCx602TQiSBKHqjwkE7xmDiFkoxdYGaNjtv4xcysOTdVJsDR/R9UHwIaxJ7gHlthMSykir1nv78++g==",
      "requires": {
        "@polymer/font-roboto": "^3.0.1",
        "@polymer/iron-flex-layout": "^3.0.0-pre.26",
        "@polymer/polymer": "^3.0.0"
      }
    },
    "@polymer/paper-toast": {
      "version": "3.0.1",
      "resolved": "https://registry.npmjs.org/@polymer/paper-toast/-/paper-toast-3.0.1.tgz",
      "integrity": "sha512-pizuogzObniDdICUc6dSLrnDt2VzzoRne1gCmbD6sfOATVv5tc8UfrqhA2iHngbNBEbniBiciS3iogdp5KTVUQ==",
      "requires": {
        "@polymer/iron-a11y-announcer": "^3.0.0-pre.26",
        "@polymer/iron-fit-behavior": "^3.0.0-pre.26",
        "@polymer/iron-overlay-behavior": "^3.0.0-pre.27",
        "@polymer/polymer": "^3.0.0"
      }
    },
    "@polymer/polymer": {
      "version": "3.3.1",
      "resolved": "https://registry.npmjs.org/@polymer/polymer/-/polymer-3.3.1.tgz",
      "integrity": "sha512-8KaB48tzyMjdsHdxo5KvCAaqmTe7rYDzQAoj/pyEfq9Fp4YfUaS+/xqwYj0GbiDAUNzwkmEQ7dw9cgnRNdKO8A==",
      "requires": {
        "@webcomponents/shadycss": "^1.9.1"
      }
    },
    "@webcomponents/shadycss": {
      "version": "1.9.3",
      "resolved": "https://registry.npmjs.org/@webcomponents/shadycss/-/shadycss-1.9.3.tgz",
      "integrity": "sha512-fRuET+UGrH84hG0UF4iHbFqWZKUoan4/ki+iCOJ/vnKltPSHv/ZVbcA6sT/pRreznt8aKEGqN2KdHvgRxn4xjA=="
    },
    "dompurify": {
      "version": "2.2.6",
      "resolved": "https://registry.npmjs.org/dompurify/-/dompurify-2.2.6.tgz",
      "integrity": "sha512-7b7ZArhhH0SP6W2R9cqK6RjaU82FZ2UPM7RO8qN1b1wyvC/NY1FNWcX1Pu00fFOAnzEORtwXe4bPaClg6pUybQ=="
    },
    "lit-element": {
      "version": "2.4.0",
      "resolved": "https://registry.npmjs.org/lit-element/-/lit-element-2.4.0.tgz",
      "integrity": "sha512-pBGLglxyhq/Prk2H91nA0KByq/hx/wssJBQFiYqXhGDvEnY31PRGYf1RglVzyLeRysu0IHm2K0P196uLLWmwFg==",
      "requires": {
        "lit-html": "^1.1.1"
      }
    },
    "lit-html": {
      "version": "1.3.0",
      "resolved": "https://registry.npmjs.org/lit-html/-/lit-html-1.3.0.tgz",
      "integrity": "sha512-0Q1bwmaFH9O14vycPHw8C/IeHMk/uSDldVLIefu/kfbTBGIc44KGH6A8p1bDfxUfHdc8q6Ct7kQklWoHgr4t1Q=="
    },
    "marked": {
      "version": "0.7.0",
      "resolved": "https://registry.npmjs.org/marked/-/marked-0.7.0.tgz",
      "integrity": "sha512-c+yYdCZJQrsRjTPhUx7VKkApw9bwDkNbHUKo1ovgcfDjb2kc8rLuRbIFyXL5WOEUwzSSKo3IXpph2K6DqB/KZg=="
    }
  }
}
